
Microsoft Visual Studio Solution File, Format Version 12.00
# Visual Studio Version 16
VisualStudioVersion = 16.0.29209.62
MinimumVisualStudioVersion = 10.0.40219.1
Project("{FAE04EC0-301F-11D3-BF4B-00C04F79EFBC}") = "PatternsOfEnterpriseApp.Console", "PatternsOfEnterpriseApp.Console\PatternsOfEnterpriseApp.Console.csproj", "{C4CB737A-565E-4672-BB33-714BED763F8B}"
EndProject
Global
	GlobalSection(SolutionConfigurationPlatforms) = preSolution
		Debug|Any CPU = Debug|Any CPU
		Release|Any CPU = Release|Any CPU
	EndGlobalSection
	GlobalSection(ProjectConfigurationPlatforms) = postSolution
		{C4CB737A-565E-4672-BB33-714BED763F8B}.Debug|Any CPU.ActiveCfg = Debug|Any CPU
		{C4CB737A-565E-4672-BB33-714BED763F8B}.Debug|Any CPU.Build.0 = Debug|Any CPU
		{C4CB737A-565E-4672-BB33-714BED763F8B}.Release|Any CPU.ActiveCfg = Release|Any CPU
		{C4CB737A-565E-4672-BB33-714BED763F8B}.Release|Any CPU.Build.0 = Release|Any CPU
	EndGlobalSection
	GlobalSection(SolutionProperties) = preSolution
		HideSolutionNode = FALSE
	EndGlobalSection
	GlobalSection(ExtensibilityGlobals) = postSolution
		SolutionGuid = {4EC19C85-250F-48F6-BCD3-7C060EF2C885}
	EndGlobalSection
EndGlobal
